
Microsoft Visual Studio Solution File, Format Version 12.00
# Visual Studio 14
VisualStudioVersion = 14.0.25420.1
MinimumVisualStudioVersion = 10.0.40219.1
Project("{FAE04EC0-301F-11D3-BF4B-00C04F79EFBC}") = "DentSoft", "DentSoft\DentSoft.csproj", "{7E25041F-2E96-4643-B46C-7C666E2F6173}"
EndProject
Project("{FAE04EC0-301F-11D3-BF4B-00C04F79EFBC}") = "CapaData", "CapaData\CapaData.csproj", "{7B7CF518-DF62-4B76-9365-3E9945F607E1}"
EndProject
Project("{FAE04EC0-301F-11D3-BF4B-00C04F79EFBC}") = "CapaNegocio", "CapaNegocio\CapaNegocio.csproj", "{A1235B14-328C-4C16-A07A-8954C4A0F5B9}"
EndProject
Project("{FAE04EC0-301F-11D3-BF4B-00C04F79EFBC}") = "CapaEntidad", "CapaEntidad\CapaEntidad.csproj", "{610DB3E4-A008-48C1-837D-B2BE38081CCF}"
EndProject
Project("{54435603-DBB4-11D2-8724-00A0C9A8B90C}") = "Setup", "Setup\Setup.vdproj", "{ADA00B43-9DEF-4A0A-825E-04117B087B67}"
EndProject
Global
	GlobalSection(SolutionConfigurationPlatforms) = preSolution
		Debug|Any CPU = Debug|Any CPU
		Debug|x86 = Debug|x86
		Release|Any CPU = Release|Any CPU
		Release|x86 = Release|x86
	EndGlobalSection
	GlobalSection(ProjectConfigurationPlatforms) = postSolution
		{7E25041F-2E96-4643-B46C-7C666E2F6173}.Debug|Any CPU.ActiveCfg = Debug|Any CPU
		{7E25041F-2E96-4643-B46C-7C666E2F6173}.Debug|Any CPU.Build.0 = Debug|Any CPU
		{7E25041F-2E96-4643-B46C-7C666E2F6173}.Debug|x86.ActiveCfg = Debug|x86
		{7E25041F-2E96-4643-B46C-7C666E2F6173}.Debug|x86.Build.0 = Debug|x86
		{7E25041F-2E96-4643-B46C-7C666E2F6173}.Release|Any CPU.ActiveCfg = Release|Any CPU
		{7E25041F-2E96-4643-B46C-7C666E2F6173}.Release|Any CPU.Build.0 = Release|Any CPU
		{7E25041F-2E96-4643-B46C-7C666E2F6173}.Release|x86.ActiveCfg = Release|x86
		{7E25041F-2E96-4643-B46C-7C666E2F6173}.Release|x86.Build.0 = Release|x86
		{7B7CF518-DF62-4B76-9365-3E9945F607E1}.Debug|Any CPU.ActiveCfg = Debug|Any CPU
		{7B7CF518-DF62-4B76-9365-3E9945F607E1}.Debug|Any CPU.Build.0 = Debug|Any CPU
		{7B7CF518-DF62-4B76-9365-3E9945F607E1}.Debug|x86.ActiveCfg = Debug|Any CPU
		{7B7CF518-DF62-4B76-9365-3E9945F607E1}.Debug|x86.Build.0 = Debug|Any CPU
		{7B7CF518-DF62-4B76-9365-3E9945F607E1}.Release|Any CPU.ActiveCfg = Release|Any CPU
		{7B7CF518-DF62-4B76-9365-3E9945F607E1}.Release|Any CPU.Build.0 = Release|Any CPU
		{7B7CF518-DF62-4B76-9365-3E9945F607E1}.Release|x86.ActiveCfg = Release|Any CPU
		{7B7CF518-DF62-4B76-9365-3E9945F607E1}.Release|x86.Build.0 = Release|Any CPU
		{A1235B14-328C-4C16-A07A-8954C4A0F5B9}.Debug|Any CPU.ActiveCfg = Debug|Any CPU
		{A1235B14-328C-4C16-A07A-8954C4A0F5B9}.Debug|Any CPU.Build.0 = Debug|Any CPU
		{A1235B14-328C-4C16-A07A-8954C4A0F5B9}.Debug|x86.ActiveCfg = Debug|Any CPU
		{A1235B14-328C-4C16-A07A-8954C4A0F5B9}.Debug|x86.Build.0 = Debug|Any CPU
		{A1235B14-328C-4C16-A07A-8954C4A0F5B9}.Release|Any CPU.ActiveCfg = Release|Any CPU
		{A1235B14-328C-4C16-A07A-8954C4A0F5B9}.Release|Any CPU.Build.0 = Release|Any CPU
		{A1235B14-328C-4C16-A07A-8954C4A0F5B9}.Release|x86.ActiveCfg = Release|Any CPU
		{A1235B14-328C-4C16-A07A-8954C4A0F5B9}.Release|x86.Build.0 = Release|Any CPU
		{610DB3E4-A008-48C1-837D-B2BE38081CCF}.Debug|Any CPU.ActiveCfg = Debug|Any CPU
		{610DB3E4-A008-48C1-837D-B2BE38081CCF}.Debug|Any CPU.Build.0 = Debug|Any CPU
		{610DB3E4-A008-48C1-837D-B2BE38081CCF}.Debug|x86.ActiveCfg = Debug|Any CPU
		{610DB3E4-A008-48C1-837D-B2BE38081CCF}.Debug|x86.Build.0 = Debug|Any CPU
		{610DB3E4-A008-48C1-837D-B2BE38081CCF}.Release|Any CPU.ActiveCfg = Release|Any CPU
		{610DB3E4-A008-48C1-837D-B2BE38081CCF}.Release|Any CPU.Build.0 = Release|Any CPU
		{610DB3E4-A008-48C1-837D-B2BE38081CCF}.Release|x86.ActiveCfg = Release|Any CPU
		{610DB3E4-A008-48C1-837D-B2BE38081CCF}.Release|x86.Build.0 = Release|Any CPU
		{ADA00B43-9DEF-4A0A-825E-04117B087B67}.Debug|Any CPU.ActiveCfg = Debug
		{ADA00B43-9DEF-4A0A-825E-04117B087B67}.Debug|x86.ActiveCfg = Debug
		{ADA00B43-9DEF-4A0A-825E-04117B087B67}.Debug|x86.Build.0 = Debug
		{ADA00B43-9DEF-4A0A-825E-04117B087B67}.Release|Any CPU.ActiveCfg = Release
		{ADA00B43-9DEF-4A0A-825E-04117B087B67}.Release|x86.ActiveCfg = Release
		{ADA00B43-9DEF-4A0A-825E-04117B087B67}.Release|x86.Build.0 = Release
	EndGlobalSection
	GlobalSection(SolutionProperties) = preSolution
		HideSolutionNode = FALSE
	EndGlobalSection
EndGlobal
